
Microsoft Visual Studio Solution File, Format Version 11.00
# Visual Studio 2010
Project("{FAE04EC0-301F-11D3-BF4B-00C04F79EFBC}") = "Core.OracleModule", "Core.OracleModule\Core.OracleModule.csproj", "{8B273F5E-6BB0-4787-8EA8-2AD94FF645B1}"
EndProject
Project("{FAE04EC0-301F-11D3-BF4B-00C04F79EFBC}") = "Core.SettingModule", "Core.SettingModule\Core.SettingModule.csproj", "{1973EA36-9CC9-4C5B-A834-F828125DFEF9}"
EndProject
Project("{FAE04EC0-301F-11D3-BF4B-00C04F79EFBC}") = "OracleModuleTest", "Tests\OracleModuleTest\OracleModuleTest.csproj", "{677D6B06-E926-4FD7-A9B8-A6B4769FC658}"
EndProject
Project("{2150E333-8FDC-42A3-9474-1A3956D46DE8}") = "Tests", "Tests", "{3BBD363E-B271-478F-AC65-899D3DC612D6}"
EndProject
Project("{FAE04EC0-301F-11D3-BF4B-00C04F79EFBC}") = "Core.SDK", "Core.SDK\Core.SDK.csproj", "{C5D1EB94-59C7-4D0A-AD22-7494CF7236A6}"
EndProject
Project("{FAE04EC0-301F-11D3-BF4B-00C04F79EFBC}") = "Core.LogModule", "Core.LogModule\Core.LogModule.csproj", "{59109B3C-6ED6-4026-B388-D441FA224F7D}"
EndProject
Project("{FAE04EC0-301F-11D3-BF4B-00C04F79EFBC}") = "LogModuleTest", "Tests\LogModuleTest\LogModuleTest.csproj", "{D83AF045-83B1-4F6E-BCC1-4338F33C3D29}"
EndProject
Project("{FAE04EC0-301F-11D3-BF4B-00C04F79EFBC}") = "SettingModuleTest", "Tests\SettingModuleTest\SettingModuleTest.csproj", "{3BF8B64C-1AF7-4B53-B9A8-F850BEC861F4}"
EndProject
Project("{FAE04EC0-301F-11D3-BF4B-00C04F79EFBC}") = "Core.MEFCompositeModule", "Core.MEFCompositeModule\Core.MEFCompositeModule.csproj", "{F760734E-61DE-45BC-8F3B-8674DB7C20CE}"
EndProject
Project("{FAE04EC0-301F-11D3-BF4B-00C04F79EFBC}") = "EventAgregatorTest", "Tests\EventAgregatorTest\EventAgregatorTest.csproj", "{A82981AC-950C-4728-AA68-0EC0265B7565}"
EndProject
Project("{2150E333-8FDC-42A3-9474-1A3956D46DE8}") = "Solution Items", "Solution Items", "{338D084D-6327-4A92-97E5-0468755FACB6}"
	ProjectSection(SolutionItems) = preProject
		AppModules1.vsmdi = AppModules1.vsmdi
		Local.testsettings = Local.testsettings
		TraceAndTestImpact.testsettings = TraceAndTestImpact.testsettings
	EndProjectSection
EndProject
Project("{FAE04EC0-301F-11D3-BF4B-00C04F79EFBC}") = "EventAgregatorUITest", "Tests\EventAgregatorUITest\EventAgregatorUITest.csproj", "{F02CB48C-758E-4D56-9234-1AD1E27B0FFE}"
EndProject
Project("{2150E333-8FDC-42A3-9474-1A3956D46DE8}") = "DemoProject", "DemoProject", "{DC9E80AC-6A6D-4621-A50E-69FA566B5DFE}"
EndProject
Project("{FAE04EC0-301F-11D3-BF4B-00C04F79EFBC}") = "Core.XtraCompositeModule", "Core.XtraCompositeModule\Core.XtraCompositeModule.csproj", "{8744B844-95A5-4923-BBFB-E634238DC4FC}"
EndProject
Project("{FAE04EC0-301F-11D3-BF4B-00C04F79EFBC}") = "XtraCompositeBarTest", "Tests\XtraCompositeBarTest\XtraCompositeBarTest.csproj", "{6C8AA5DB-659A-4DE8-A3F1-7168D29F646E}"
EndProject
Project("{FAE04EC0-301F-11D3-BF4B-00C04F79EFBC}") = "XtraCompositeDockingTest", "Tests\XtraCompositeDockingTest\XtraCompositeDockingTest.csproj", "{A8FAE09B-44E1-48F4-A2BA-A0ED8F402837}"
EndProject
Project("{FAE04EC0-301F-11D3-BF4B-00C04F79EFBC}") = "Core.UtilsModule", "Core.UtilsModule\Core.UtilsModule.csproj", "{FADAC4FC-A764-4569-AE68-70AA1B7A9DAF}"
EndProject
Project("{2150E333-8FDC-42A3-9474-1A3956D46DE8}") = "ChipAndDale", "ChipAndDale", "{9DBD6B2B-B10E-4E05-A255-7C731A020AC6}"
EndProject
Project("{FAE04EC0-301F-11D3-BF4B-00C04F79EFBC}") = "DemoPluggin", "Tests\DemoProject\DemoPluggin\DemoPluggin.csproj", "{5FD187C5-81EE-47DE-8193-2D526930ACB5}"
EndProject
Project("{FAE04EC0-301F-11D3-BF4B-00C04F79EFBC}") = "Main", "Tests\DemoProject\Main\Main.csproj", "{FD8FFFED-F0C6-4E0E-BD96-528B30AEA993}"
EndProject
Project("{FAE04EC0-301F-11D3-BF4B-00C04F79EFBC}") = "ChipAndDale.SDK.Request", "ChipAndDale\ChipAndDale.SDK.Request\ChipAndDale.SDK.Request.csproj", "{4A5476DB-79FA-4E9A-8AC6-823740CA10C4}"
EndProject
Project("{FAE04EC0-301F-11D3-BF4B-00C04F79EFBC}") = "ChipAndDale.SDK", "ChipAndDale\ChipAndDale.SDK.Common\ChipAndDale.SDK.csproj", "{BA24BEFC-788A-4173-939B-EF3BADC99C81}"
EndProject
Project("{2150E333-8FDC-42A3-9474-1A3956D46DE8}") = "ChipAndDaleTest", "ChipAndDaleTest", "{F956CD32-631E-4249-9B7D-28E100C6A644}"
EndProject
Project("{FAE04EC0-301F-11D3-BF4B-00C04F79EFBC}") = "EntityListTest", "ChipAndDale\ChipAndDaleTest\EntityListTest\EntityListTest.csproj", "{3DF8E5D6-DCC4-4C6F-8BAB-DBB35F402CC2}"
EndProject
Project("{FAE04EC0-301F-11D3-BF4B-00C04F79EFBC}") = "ChipAndDale.Main", "ChipAndDale\ChipAndDale.Main\ChipAndDale.Main.csproj", "{B0121671-7D3E-48D2-B5D8-2BF79AB4BDDA}"
EndProject
Project("{FAE04EC0-301F-11D3-BF4B-00C04F79EFBC}") = "ChipAndDale.Request", "ChipAndDale\ChipAndDale.Request\ChipAndDale.Request.csproj", "{7C7655F8-DEEA-48BE-8BE1-BFBA4E1C3EA7}"
EndProject
Project("{2150E333-8FDC-42A3-9474-1A3956D46DE8}") = "Core", "Core", "{7B8CC2E6-9E26-4AF5-A794-6B192C72A6D9}"
EndProject
Project("{2150E333-8FDC-42A3-9474-1A3956D46DE8}") = "DocsAndRules", "DocsAndRules", "{AAD1CBFF-1740-4E91-B461-4A817B911B37}"
	ProjectSection(SolutionItems) = preProject
		Desc.txt = Desc.txt
		ChipAndDale\DocsAndRules\Rules.txt = ChipAndDale\DocsAndRules\Rules.txt
	EndProjectSection
EndProject
Project("{FAE04EC0-301F-11D3-BF4B-00C04F79EFBC}") = "ChipAndDale.Bug", "ChipAndDale\ChipAndDale.Bug\ChipAndDale.Bug.csproj", "{280312FE-DF83-4C4D-B21E-052F0DB4CFB3}"
EndProject
Project("{FAE04EC0-301F-11D3-BF4B-00C04F79EFBC}") = "ChipAndDale.Letter", "ChipAndDale\ChipAndDale.Letter\ChipAndDale.Letter.csproj", "{F28EC103-A42F-40AA-9F23-134A1DDDD0C7}"
EndProject
Project("{FAE04EC0-301F-11D3-BF4B-00C04F79EFBC}") = "ChipAndDale.Task", "ChipAndDale\ChipAndDale.Task\ChipAndDale.Task.csproj", "{BA95EEBB-5916-4DB4-B645-9EB1516D9281}"
EndProject
Global
	GlobalSection(TestCaseManagementSettings) = postSolution
		CategoryFile = AppModules1.vsmdi
	EndGlobalSection
	GlobalSection(SolutionConfigurationPlatforms) = preSolution
		Debug|Any CPU = Debug|Any CPU
		Debug|Mixed Platforms = Debug|Mixed Platforms
		Debug|x86 = Debug|x86
		DebugPluggin|Any CPU = DebugPluggin|Any CPU
		DebugPluggin|Mixed Platforms = DebugPluggin|Mixed Platforms
		DebugPluggin|x86 = DebugPluggin|x86
		Release|Any CPU = Release|Any CPU
		Release|Mixed Platforms = Release|Mixed Platforms
		Release|x86 = Release|x86
	EndGlobalSection
	GlobalSection(ProjectConfigurationPlatforms) = postSolution
		{8B273F5E-6BB0-4787-8EA8-2AD94FF645B1}.Debug|Any CPU.ActiveCfg = Debug|Any CPU
		{8B273F5E-6BB0-4787-8EA8-2AD94FF645B1}.Debug|Mixed Platforms.ActiveCfg = Debug|x86
		{8B273F5E-6BB0-4787-8EA8-2AD94FF645B1}.Debug|Mixed Platforms.Build.0 = Debug|x86
		{8B273F5E-6BB0-4787-8EA8-2AD94FF645B1}.Debug|x86.ActiveCfg = Debug|x86
		{8B273F5E-6BB0-4787-8EA8-2AD94FF645B1}.Debug|x86.Build.0 = Debug|x86
		{8B273F5E-6BB0-4787-8EA8-2AD94FF645B1}.DebugPluggin|Any CPU.ActiveCfg = DebugPluggin|Any CPU
		{8B273F5E-6BB0-4787-8EA8-2AD94FF645B1}.DebugPluggin|Any CPU.Build.0 = DebugPluggin|Any CPU
		{8B273F5E-6BB0-4787-8EA8-2AD94FF645B1}.DebugPluggin|Mixed Platforms.ActiveCfg = DebugPluggin|Any CPU
		{8B273F5E-6BB0-4787-8EA8-2AD94FF645B1}.DebugPluggin|Mixed Platforms.Build.0 = DebugPluggin|Any CPU
		{8B273F5E-6BB0-4787-8EA8-2AD94FF645B1}.DebugPluggin|x86.ActiveCfg = DebugPluggin|x86
		{8B273F5E-6BB0-4787-8EA8-2AD94FF645B1}.DebugPluggin|x86.Build.0 = DebugPluggin|x86
		{8B273F5E-6BB0-4787-8EA8-2AD94FF645B1}.Release|Any CPU.ActiveCfg = Release|x86
		{8B273F5E-6BB0-4787-8EA8-2AD94FF645B1}.Release|Mixed Platforms.ActiveCfg = Release|x86
		{8B273F5E-6BB0-4787-8EA8-2AD94FF645B1}.Release|Mixed Platforms.Build.0 = Release|x86
		{8B273F5E-6BB0-4787-8EA8-2AD94FF645B1}.Release|x86.ActiveCfg = Release|x86
		{8B273F5E-6BB0-4787-8EA8-2AD94FF645B1}.Release|x86.Build.0 = Release|x86
		{1973EA36-9CC9-4C5B-A834-F828125DFEF9}.Debug|Any CPU.ActiveCfg = Debug|Any CPU
		{1973EA36-9CC9-4C5B-A834-F828125DFEF9}.Debug|Mixed Platforms.ActiveCfg = Debug|Any CPU
		{1973EA36-9CC9-4C5B-A834-F828125DFEF9}.Debug|Mixed Platforms.Build.0 = Debug|Any CPU
		{1973EA36-9CC9-4C5B-A834-F828125DFEF9}.Debug|x86.ActiveCfg = Debug|Any CPU
		{1973EA36-9CC9-4C5B-A834-F828125DFEF9}.DebugPluggin|Any CPU.ActiveCfg = DebugPluggin|Any CPU
		{1973EA36-9CC9-4C5B-A834-F828125DFEF9}.DebugPluggin|Any CPU.Build.0 = DebugPluggin|Any CPU
		{1973EA36-9CC9-4C5B-A834-F828125DFEF9}.DebugPluggin|Mixed Platforms.ActiveCfg = DebugPluggin|Any CPU
		{1973EA36-9CC9-4C5B-A834-F828125DFEF9}.DebugPluggin|Mixed Platforms.Build.0 = DebugPluggin|Any CPU
		{1973EA36-9CC9-4C5B-A834-F828125DFEF9}.DebugPluggin|x86.ActiveCfg = DebugPluggin|Any CPU
		{1973EA36-9CC9-4C5B-A834-F828125DFEF9}.Release|Any CPU.ActiveCfg = Release|Any CPU
		{1973EA36-9CC9-4C5B-A834-F828125DFEF9}.Release|Any CPU.Build.0 = Release|Any CPU
		{1973EA36-9CC9-4C5B-A834-F828125DFEF9}.Release|Mixed Platforms.ActiveCfg = Release|Any CPU
		{1973EA36-9CC9-4C5B-A834-F828125DFEF9}.Release|Mixed Platforms.Build.0 = Release|Any CPU
		{1973EA36-9CC9-4C5B-A834-F828125DFEF9}.Release|x86.ActiveCfg = Release|Any CPU
		{677D6B06-E926-4FD7-A9B8-A6B4769FC658}.Debug|Any CPU.ActiveCfg = Debug|Any CPU
		{677D6B06-E926-4FD7-A9B8-A6B4769FC658}.Debug|Mixed Platforms.ActiveCfg = Debug|Any CPU
		{677D6B06-E926-4FD7-A9B8-A6B4769FC658}.Debug|Mixed Platforms.Build.0 = Debug|Any CPU
		{677D6B06-E926-4FD7-A9B8-A6B4769FC658}.Debug|x86.ActiveCfg = Debug|Any CPU
		{677D6B06-E926-4FD7-A9B8-A6B4769FC658}.DebugPluggin|Any CPU.ActiveCfg = DebugPluggin|Any CPU
		{677D6B06-E926-4FD7-A9B8-A6B4769FC658}.DebugPluggin|Mixed Platforms.ActiveCfg = DebugPluggin|Any CPU
		{677D6B06-E926-4FD7-A9B8-A6B4769FC658}.DebugPluggin|Mixed Platforms.Build.0 = DebugPluggin|Any CPU
		{677D6B06-E926-4FD7-A9B8-A6B4769FC658}.DebugPluggin|x86.ActiveCfg = DebugPluggin|Any CPU
		{677D6B06-E926-4FD7-A9B8-A6B4769FC658}.Release|Any CPU.ActiveCfg = Release|Any CPU
		{677D6B06-E926-4FD7-A9B8-A6B4769FC658}.Release|Any CPU.Build.0 = Release|Any CPU
		{677D6B06-E926-4FD7-A9B8-A6B4769FC658}.Release|Mixed Platforms.ActiveCfg = Release|Any CPU
		{677D6B06-E926-4FD7-A9B8-A6B4769FC658}.Release|Mixed Platforms.Build.0 = Release|Any CPU
		{677D6B06-E926-4FD7-A9B8-A6B4769FC658}.Release|x86.ActiveCfg = Release|Any CPU
		{C5D1EB94-59C7-4D0A-AD22-7494CF7236A6}.Debug|Any CPU.ActiveCfg = Debug|Any CPU
		{C5D1EB94-59C7-4D0A-AD22-7494CF7236A6}.Debug|Any CPU.Build.0 = Debug|Any CPU
		{C5D1EB94-59C7-4D0A-AD22-7494CF7236A6}.Debug|Mixed Platforms.ActiveCfg = Debug|Any CPU
		{C5D1EB94-59C7-4D0A-AD22-7494CF7236A6}.Debug|Mixed Platforms.Build.0 = Debug|Any CPU
		{C5D1EB94-59C7-4D0A-AD22-7494CF7236A6}.Debug|x86.ActiveCfg = Debug|Any CPU
		{C5D1EB94-59C7-4D0A-AD22-7494CF7236A6}.DebugPluggin|Any CPU.ActiveCfg = DebugPluggin|Any CPU
		{C5D1EB94-59C7-4D0A-AD22-7494CF7236A6}.DebugPluggin|Any CPU.Build.0 = DebugPluggin|Any CPU
		{C5D1EB94-59C7-4D0A-AD22-7494CF7236A6}.DebugPluggin|Mixed Platforms.ActiveCfg = DebugPluggin|Any CPU
		{C5D1EB94-59C7-4D0A-AD22-7494CF7236A6}.DebugPluggin|Mixed Platforms.Build.0 = DebugPluggin|Any CPU
		{C5D1EB94-59C7-4D0A-AD22-7494CF7236A6}.DebugPluggin|x86.ActiveCfg = DebugPluggin|Any CPU
		{C5D1EB94-59C7-4D0A-AD22-7494CF7236A6}.Release|Any CPU.ActiveCfg = Release|Any CPU
		{C5D1EB94-59C7-4D0A-AD22-7494CF7236A6}.Release|Any CPU.Build.0 = Release|Any CPU
		{C5D1EB94-59C7-4D0A-AD22-7494CF7236A6}.Release|Mixed Platforms.ActiveCfg = Release|Any CPU
		{C5D1EB94-59C7-4D0A-AD22-7494CF7236A6}.Release|Mixed Platforms.Build.0 = Release|Any CPU
		{C5D1EB94-59C7-4D0A-AD22-7494CF7236A6}.Release|x86.ActiveCfg = Release|Any CPU
		{59109B3C-6ED6-4026-B388-D441FA224F7D}.Debug|Any CPU.ActiveCfg = Debug|Any CPU
		{59109B3C-6ED6-4026-B388-D441FA224F7D}.Debug|Any CPU.Build.0 = Debug|Any CPU
		{59109B3C-6ED6-4026-B388-D441FA224F7D}.Debug|Mixed Platforms.ActiveCfg = Debug|Any CPU
		{59109B3C-6ED6-4026-B388-D441FA224F7D}.Debug|Mixed Platforms.Build.0 = Debug|Any CPU
		{59109B3C-6ED6-4026-B388-D441FA224F7D}.Debug|x86.ActiveCfg = Debug|Any CPU
		{59109B3C-6ED6-4026-B388-D441FA224F7D}.DebugPluggin|Any CPU.ActiveCfg = DebugPluggin|Any CPU
		{59109B3C-6ED6-4026-B388-D441FA224F7D}.DebugPluggin|Any CPU.Build.0 = DebugPluggin|Any CPU
		{59109B3C-6ED6-4026-B388-D441FA224F7D}.DebugPluggin|Mixed Platforms.ActiveCfg = DebugPluggin|Any CPU
		{59109B3C-6ED6-4026-B388-D441FA224F7D}.DebugPluggin|Mixed Platforms.Build.0 = DebugPluggin|Any CPU
		{59109B3C-6ED6-4026-B388-D441FA224F7D}.DebugPluggin|x86.ActiveCfg = DebugPluggin|Any CPU
		{59109B3C-6ED6-4026-B388-D441FA224F7D}.Release|Any CPU.ActiveCfg = Release|Any CPU
		{59109B3C-6ED6-4026-B388-D441FA224F7D}.Release|Any CPU.Build.0 = Release|Any CPU
		{59109B3C-6ED6-4026-B388-D441FA224F7D}.Release|Mixed Platforms.ActiveCfg = Release|Any CPU
		{59109B3C-6ED6-4026-B388-D441FA224F7D}.Release|Mixed Platforms.Build.0 = Release|Any CPU
		{59109B3C-6ED6-4026-B388-D441FA224F7D}.Release|x86.ActiveCfg = Release|Any CPU
		{D83AF045-83B1-4F6E-BCC1-4338F33C3D29}.Debug|Any CPU.ActiveCfg = Debug|Any CPU
		{D83AF045-83B1-4F6E-BCC1-4338F33C3D29}.Debug|Mixed Platforms.ActiveCfg = Debug|x86
		{D83AF045-83B1-4F6E-BCC1-4338F33C3D29}.Debug|Mixed Platforms.Build.0 = Debug|x86
		{D83AF045-83B1-4F6E-BCC1-4338F33C3D29}.Debug|x86.ActiveCfg = Debug|x86
		{D83AF045-83B1-4F6E-BCC1-4338F33C3D29}.Debug|x86.Build.0 = Debug|x86
		{D83AF045-83B1-4F6E-BCC1-4338F33C3D29}.DebugPluggin|Any CPU.ActiveCfg = DebugPluggin|Any CPU
		{D83AF045-83B1-4F6E-BCC1-4338F33C3D29}.DebugPluggin|Mixed Platforms.ActiveCfg = DebugPluggin|Any CPU
		{D83AF045-83B1-4F6E-BCC1-4338F33C3D29}.DebugPluggin|Mixed Platforms.Build.0 = DebugPluggin|Any CPU
		{D83AF045-83B1-4F6E-BCC1-4338F33C3D29}.DebugPluggin|x86.ActiveCfg = DebugPluggin|x86
		{D83AF045-83B1-4F6E-BCC1-4338F33C3D29}.DebugPluggin|x86.Build.0 = DebugPluggin|x86
		{D83AF045-83B1-4F6E-BCC1-4338F33C3D29}.Release|Any CPU.ActiveCfg = Release|x86
		{D83AF045-83B1-4F6E-BCC1-4338F33C3D29}.Release|Mixed Platforms.ActiveCfg = Release|x86
		{D83AF045-83B1-4F6E-BCC1-4338F33C3D29}.Release|Mixed Platforms.Build.0 = Release|x86
		{D83AF045-83B1-4F6E-BCC1-4338F33C3D29}.Release|x86.ActiveCfg = Release|x86
		{D83AF045-83B1-4F6E-BCC1-4338F33C3D29}.Release|x86.Build.0 = Release|x86
		{3BF8B64C-1AF7-4B53-B9A8-F850BEC861F4}.Debug|Any CPU.ActiveCfg = Debug|Any CPU
		{3BF8B64C-1AF7-4B53-B9A8-F850BEC861F4}.Debug|Mixed Platforms.ActiveCfg = Debug|Any CPU
		{3BF8B64C-1AF7-4B53-B9A8-F850BEC861F4}.Debug|Mixed Platforms.Build.0 = Debug|Any CPU
		{3BF8B64C-1AF7-4B53-B9A8-F850BEC861F4}.Debug|x86.ActiveCfg = Debug|Any CPU
		{3BF8B64C-1AF7-4B53-B9A8-F850BEC861F4}.DebugPluggin|Any CPU.ActiveCfg = DebugPluggin|Any CPU
		{3BF8B64C-1AF7-4B53-B9A8-F850BEC861F4}.DebugPluggin|Mixed Platforms.ActiveCfg = DebugPluggin|Any CPU
		{3BF8B64C-1AF7-4B53-B9A8-F850BEC861F4}.DebugPluggin|Mixed Platforms.Build.0 = DebugPluggin|Any CPU
		{3BF8B64C-1AF7-4B53-B9A8-F850BEC861F4}.DebugPluggin|x86.ActiveCfg = DebugPluggin|Any CPU
		{3BF8B64C-1AF7-4B53-B9A8-F850BEC861F4}.Release|Any CPU.ActiveCfg = Release|Any CPU
		{3BF8B64C-1AF7-4B53-B9A8-F850BEC861F4}.Release|Any CPU.Build.0 = Release|Any CPU
		{3BF8B64C-1AF7-4B53-B9A8-F850BEC861F4}.Release|Mixed Platforms.ActiveCfg = Release|Any CPU
		{3BF8B64C-1AF7-4B53-B9A8-F850BEC861F4}.Release|Mixed Platforms.Build.0 = Release|Any CPU
		{3BF8B64C-1AF7-4B53-B9A8-F850BEC861F4}.Release|x86.ActiveCfg = Release|Any CPU
		{F760734E-61DE-45BC-8F3B-8674DB7C20CE}.Debug|Any CPU.ActiveCfg = Debug|Any CPU
		{F760734E-61DE-45BC-8F3B-8674DB7C20CE}.Debug|Mixed Platforms.ActiveCfg = Debug|Any CPU
		{F760734E-61DE-45BC-8F3B-8674DB7C20CE}.Debug|Mixed Platforms.Build.0 = Debug|Any CPU
		{F760734E-61DE-45BC-8F3B-8674DB7C20CE}.Debug|x86.ActiveCfg = Debug|Any CPU
		{F760734E-61DE-45BC-8F3B-8674DB7C20CE}.DebugPluggin|Any CPU.ActiveCfg = DebugPluggin|Any CPU
		{F760734E-61DE-45BC-8F3B-8674DB7C20CE}.DebugPluggin|Any CPU.Build.0 = DebugPluggin|Any CPU
		{F760734E-61DE-45BC-8F3B-8674DB7C20CE}.DebugPluggin|Mixed Platforms.ActiveCfg = DebugPluggin|Any CPU
		{F760734E-61DE-45BC-8F3B-8674DB7C20CE}.DebugPluggin|Mixed Platforms.Build.0 = DebugPluggin|Any CPU
		{F760734E-61DE-45BC-8F3B-8674DB7C20CE}.DebugPluggin|x86.ActiveCfg = DebugPluggin|Any CPU
		{F760734E-61DE-45BC-8F3B-8674DB7C20CE}.Release|Any CPU.ActiveCfg = Release|Any CPU
		{F760734E-61DE-45BC-8F3B-8674DB7C20CE}.Release|Any CPU.Build.0 = Release|Any CPU
		{F760734E-61DE-45BC-8F3B-8674DB7C20CE}.Release|Mixed Platforms.ActiveCfg = Release|Any CPU
		{F760734E-61DE-45BC-8F3B-8674DB7C20CE}.Release|Mixed Platforms.Build.0 = Release|Any CPU
		{F760734E-61DE-45BC-8F3B-8674DB7C20CE}.Release|x86.ActiveCfg = Release|Any CPU
		{A82981AC-950C-4728-AA68-0EC0265B7565}.Debug|Any CPU.ActiveCfg = Debug|Any CPU
		{A82981AC-950C-4728-AA68-0EC0265B7565}.Debug|Mixed Platforms.ActiveCfg = Debug|Any CPU
		{A82981AC-950C-4728-AA68-0EC0265B7565}.Debug|Mixed Platforms.Build.0 = Debug|Any CPU
		{A82981AC-950C-4728-AA68-0EC0265B7565}.Debug|x86.ActiveCfg = Debug|Any CPU
		{A82981AC-950C-4728-AA68-0EC0265B7565}.DebugPluggin|Any CPU.ActiveCfg = DebugPluggin|Any CPU
		{A82981AC-950C-4728-AA68-0EC0265B7565}.DebugPluggin|Mixed Platforms.ActiveCfg = DebugPluggin|Any CPU
		{A82981AC-950C-4728-AA68-0EC0265B7565}.DebugPluggin|Mixed Platforms.Build.0 = DebugPluggin|Any CPU
		{A82981AC-950C-4728-AA68-0EC0265B7565}.DebugPluggin|x86.ActiveCfg = DebugPluggin|Any CPU
		{A82981AC-950C-4728-AA68-0EC0265B7565}.Release|Any CPU.ActiveCfg = Release|Any CPU
		{A82981AC-950C-4728-AA68-0EC0265B7565}.Release|Any CPU.Build.0 = Release|Any CPU
		{A82981AC-950C-4728-AA68-0EC0265B7565}.Release|Mixed Platforms.ActiveCfg = Release|Any CPU
		{A82981AC-950C-4728-AA68-0EC0265B7565}.Release|Mixed Platforms.Build.0 = Release|Any CPU
		{A82981AC-950C-4728-AA68-0EC0265B7565}.Release|x86.ActiveCfg = Release|Any CPU
		{F02CB48C-758E-4D56-9234-1AD1E27B0FFE}.Debug|Any CPU.ActiveCfg = Debug|Any CPU
		{F02CB48C-758E-4D56-9234-1AD1E27B0FFE}.Debug|Mixed Platforms.ActiveCfg = Debug|x86
		{F02CB48C-758E-4D56-9234-1AD1E27B0FFE}.Debug|Mixed Platforms.Build.0 = Debug|x86
		{F02CB48C-758E-4D56-9234-1AD1E27B0FFE}.Debug|x86.ActiveCfg = Debug|x86
		{F02CB48C-758E-4D56-9234-1AD1E27B0FFE}.Debug|x86.Build.0 = Debug|x86
		{F02CB48C-758E-4D56-9234-1AD1E27B0FFE}.DebugPluggin|Any CPU.ActiveCfg = DebugPluggin|Any CPU
		{F02CB48C-758E-4D56-9234-1AD1E27B0FFE}.DebugPluggin|Mixed Platforms.ActiveCfg = DebugPluggin|Any CPU
		{F02CB48C-758E-4D56-9234-1AD1E27B0FFE}.DebugPluggin|Mixed Platforms.Build.0 = DebugPluggin|Any CPU
		{F02CB48C-758E-4D56-9234-1AD1E27B0FFE}.DebugPluggin|x86.ActiveCfg = DebugPluggin|x86
		{F02CB48C-758E-4D56-9234-1AD1E27B0FFE}.DebugPluggin|x86.Build.0 = DebugPluggin|x86
		{F02CB48C-758E-4D56-9234-1AD1E27B0FFE}.Release|Any CPU.ActiveCfg = Release|x86
		{F02CB48C-758E-4D56-9234-1AD1E27B0FFE}.Release|Mixed Platforms.ActiveCfg = Release|x86
		{F02CB48C-758E-4D56-9234-1AD1E27B0FFE}.Release|Mixed Platforms.Build.0 = Release|x86
		{F02CB48C-758E-4D56-9234-1AD1E27B0FFE}.Release|x86.ActiveCfg = Release|x86
		{F02CB48C-758E-4D56-9234-1AD1E27B0FFE}.Release|x86.Build.0 = Release|x86
		{8744B844-95A5-4923-BBFB-E634238DC4FC}.Debug|Any CPU.ActiveCfg = Debug|Any CPU
		{8744B844-95A5-4923-BBFB-E634238DC4FC}.Debug|Any CPU.Build.0 = Debug|Any CPU
		{8744B844-95A5-4923-BBFB-E634238DC4FC}.Debug|Mixed Platforms.ActiveCfg = Debug|Any CPU
		{8744B844-95A5-4923-BBFB-E634238DC4FC}.Debug|Mixed Platforms.Build.0 = Debug|Any CPU
		{8744B844-95A5-4923-BBFB-E634238DC4FC}.Debug|x86.ActiveCfg = Debug|Any CPU
		{8744B844-95A5-4923-BBFB-E634238DC4FC}.DebugPluggin|Any CPU.ActiveCfg = DebugPluggin|Any CPU
		{8744B844-95A5-4923-BBFB-E634238DC4FC}.DebugPluggin|Any CPU.Build.0 = DebugPluggin|Any CPU
		{8744B844-95A5-4923-BBFB-E634238DC4FC}.DebugPluggin|Mixed Platforms.ActiveCfg = DebugPluggin|Any CPU
		{8744B844-95A5-4923-BBFB-E634238DC4FC}.DebugPluggin|Mixed Platforms.Build.0 = DebugPluggin|Any CPU
		{8744B844-95A5-4923-BBFB-E634238DC4FC}.DebugPluggin|x86.ActiveCfg = DebugPluggin|Any CPU
		{8744B844-95A5-4923-BBFB-E634238DC4FC}.Release|Any CPU.ActiveCfg = Release|Any CPU
		{8744B844-95A5-4923-BBFB-E634238DC4FC}.Release|Any CPU.Build.0 = Release|Any CPU
		{8744B844-95A5-4923-BBFB-E634238DC4FC}.Release|Mixed Platforms.ActiveCfg = Release|Any CPU
		{8744B844-95A5-4923-BBFB-E634238DC4FC}.Release|Mixed Platforms.Build.0 = Release|Any CPU
		{8744B844-95A5-4923-BBFB-E634238DC4FC}.Release|x86.ActiveCfg = Release|Any CPU
		{6C8AA5DB-659A-4DE8-A3F1-7168D29F646E}.Debug|Any CPU.ActiveCfg = Debug|Any CPU
		{6C8AA5DB-659A-4DE8-A3F1-7168D29F646E}.Debug|Mixed Platforms.ActiveCfg = Debug|x86
		{6C8AA5DB-659A-4DE8-A3F1-7168D29F646E}.Debug|Mixed Platforms.Build.0 = Debug|x86
		{6C8AA5DB-659A-4DE8-A3F1-7168D29F646E}.Debug|x86.ActiveCfg = Debug|x86
		{6C8AA5DB-659A-4DE8-A3F1-7168D29F646E}.Debug|x86.Build.0 = Debug|x86
		{6C8AA5DB-659A-4DE8-A3F1-7168D29F646E}.DebugPluggin|Any CPU.ActiveCfg = DebugPluggin|Any CPU
		{6C8AA5DB-659A-4DE8-A3F1-7168D29F646E}.DebugPluggin|Any CPU.Build.0 = DebugPluggin|Any CPU
		{6C8AA5DB-659A-4DE8-A3F1-7168D29F646E}.DebugPluggin|Mixed Platforms.ActiveCfg = DebugPluggin|Any CPU
		{6C8AA5DB-659A-4DE8-A3F1-7168D29F646E}.DebugPluggin|Mixed Platforms.Build.0 = DebugPluggin|Any CPU
		{6C8AA5DB-659A-4DE8-A3F1-7168D29F646E}.DebugPluggin|x86.ActiveCfg = DebugPluggin|x86
		{6C8AA5DB-659A-4DE8-A3F1-7168D29F646E}.DebugPluggin|x86.Build.0 = DebugPluggin|x86
		{6C8AA5DB-659A-4DE8-A3F1-7168D29F646E}.Release|Any CPU.ActiveCfg = Release|x86
		{6C8AA5DB-659A-4DE8-A3F1-7168D29F646E}.Release|Mixed Platforms.ActiveCfg = Release|x86
		{6C8AA5DB-659A-4DE8-A3F1-7168D29F646E}.Release|Mixed Platforms.Build.0 = Release|x86
		{6C8AA5DB-659A-4DE8-A3F1-7168D29F646E}.Release|x86.ActiveCfg = Release|x86
		{6C8AA5DB-659A-4DE8-A3F1-7168D29F646E}.Release|x86.Build.0 = Release|x86
		{A8FAE09B-44E1-48F4-A2BA-A0ED8F402837}.Debug|Any CPU.ActiveCfg = Debug|Any CPU
		{A8FAE09B-44E1-48F4-A2BA-A0ED8F402837}.Debug|Any CPU.Build.0 = Debug|Any CPU
		{A8FAE09B-44E1-48F4-A2BA-A0ED8F402837}.Debug|Mixed Platforms.ActiveCfg = Debug|Any CPU
		{A8FAE09B-44E1-48F4-A2BA-A0ED8F402837}.Debug|Mixed Platforms.Build.0 = Debug|Any CPU
		{A8FAE09B-44E1-48F4-A2BA-A0ED8F402837}.Debug|x86.ActiveCfg = Debug|Any CPU
		{A8FAE09B-44E1-48F4-A2BA-A0ED8F402837}.DebugPluggin|Any CPU.ActiveCfg = DebugPluggin|Any CPU
		{A8FAE09B-44E1-48F4-A2BA-A0ED8F402837}.DebugPluggin|Mixed Platforms.ActiveCfg = DebugPluggin|Any CPU
		{A8FAE09B-44E1-48F4-A2BA-A0ED8F402837}.DebugPluggin|Mixed Platforms.Build.0 = DebugPluggin|Any CPU
		{A8FAE09B-44E1-48F4-A2BA-A0ED8F402837}.DebugPluggin|x86.ActiveCfg = DebugPluggin|Any CPU
		{A8FAE09B-44E1-48F4-A2BA-A0ED8F402837}.Release|Any CPU.ActiveCfg = Release|Any CPU
		{A8FAE09B-44E1-48F4-A2BA-A0ED8F402837}.Release|Any CPU.Build.0 = Release|Any CPU
		{A8FAE09B-44E1-48F4-A2BA-A0ED8F402837}.Release|Mixed Platforms.ActiveCfg = Release|Any CPU
		{A8FAE09B-44E1-48F4-A2BA-A0ED8F402837}.Release|Mixed Platforms.Build.0 = Release|Any CPU
		{A8FAE09B-44E1-48F4-A2BA-A0ED8F402837}.Release|x86.ActiveCfg = Release|Any CPU
		{FADAC4FC-A764-4569-AE68-70AA1B7A9DAF}.Debug|Any CPU.ActiveCfg = Debug|Any CPU
		{FADAC4FC-A764-4569-AE68-70AA1B7A9DAF}.Debug|Any CPU.Build.0 = Debug|Any CPU
		{FADAC4FC-A764-4569-AE68-70AA1B7A9DAF}.Debug|Mixed Platforms.ActiveCfg = Debug|Any CPU
		{FADAC4FC-A764-4569-AE68-70AA1B7A9DAF}.Debug|Mixed Platforms.Build.0 = Debug|Any CPU
		{FADAC4FC-A764-4569-AE68-70AA1B7A9DAF}.Debug|x86.ActiveCfg = Debug|Any CPU
		{FADAC4FC-A764-4569-AE68-70AA1B7A9DAF}.DebugPluggin|Any CPU.ActiveCfg = DebugPluggin|Any CPU
		{FADAC4FC-A764-4569-AE68-70AA1B7A9DAF}.DebugPluggin|Any CPU.Build.0 = DebugPluggin|Any CPU
		{FADAC4FC-A764-4569-AE68-70AA1B7A9DAF}.DebugPluggin|Mixed Platforms.ActiveCfg = DebugPluggin|Any CPU
		{FADAC4FC-A764-4569-AE68-70AA1B7A9DAF}.DebugPluggin|Mixed Platforms.Build.0 = DebugPluggin|Any CPU
		{FADAC4FC-A764-4569-AE68-70AA1B7A9DAF}.DebugPluggin|x86.ActiveCfg = DebugPluggin|Any CPU
		{FADAC4FC-A764-4569-AE68-70AA1B7A9DAF}.Release|Any CPU.ActiveCfg = Release|Any CPU
		{FADAC4FC-A764-4569-AE68-70AA1B7A9DAF}.Release|Any CPU.Build.0 = Release|Any CPU
		{FADAC4FC-A764-4569-AE68-70AA1B7A9DAF}.Release|Mixed Platforms.ActiveCfg = Release|Any CPU
		{FADAC4FC-A764-4569-AE68-70AA1B7A9DAF}.Release|Mixed Platforms.Build.0 = Release|Any CPU
		{FADAC4FC-A764-4569-AE68-70AA1B7A9DAF}.Release|x86.ActiveCfg = Release|Any CPU
		{5FD187C5-81EE-47DE-8193-2D526930ACB5}.Debug|Any CPU.ActiveCfg = Debug|Any CPU
		{5FD187C5-81EE-47DE-8193-2D526930ACB5}.Debug|Mixed Platforms.ActiveCfg = Debug|Any CPU
		{5FD187C5-81EE-47DE-8193-2D526930ACB5}.Debug|Mixed Platforms.Build.0 = Debug|Any CPU
		{5FD187C5-81EE-47DE-8193-2D526930ACB5}.Debug|x86.ActiveCfg = Debug|Any CPU
		{5FD187C5-81EE-47DE-8193-2D526930ACB5}.DebugPluggin|Any CPU.ActiveCfg = DebugPluggin|Any CPU
		{5FD187C5-81EE-47DE-8193-2D526930ACB5}.DebugPluggin|Mixed Platforms.ActiveCfg = DebugPluggin|Any CPU
		{5FD187C5-81EE-47DE-8193-2D526930ACB5}.DebugPluggin|Mixed Platforms.Build.0 = DebugPluggin|Any CPU
		{5FD187C5-81EE-47DE-8193-2D526930ACB5}.DebugPluggin|x86.ActiveCfg = DebugPluggin|Any CPU
		{5FD187C5-81EE-47DE-8193-2D526930ACB5}.Release|Any CPU.ActiveCfg = Release|Any CPU
		{5FD187C5-81EE-47DE-8193-2D526930ACB5}.Release|Any CPU.Build.0 = Release|Any CPU
		{5FD187C5-81EE-47DE-8193-2D526930ACB5}.Release|Mixed Platforms.ActiveCfg = Release|Any CPU
		{5FD187C5-81EE-47DE-8193-2D526930ACB5}.Release|Mixed Platforms.Build.0 = Release|Any CPU
		{5FD187C5-81EE-47DE-8193-2D526930ACB5}.Release|x86.ActiveCfg = Release|Any CPU
		{FD8FFFED-F0C6-4E0E-BD96-528B30AEA993}.Debug|Any CPU.ActiveCfg = Debug|Any CPU
		{FD8FFFED-F0C6-4E0E-BD96-528B30AEA993}.Debug|Mixed Platforms.ActiveCfg = Debug|x86
		{FD8FFFED-F0C6-4E0E-BD96-528B30AEA993}.Debug|Mixed Platforms.Build.0 = Debug|x86
		{FD8FFFED-F0C6-4E0E-BD96-528B30AEA993}.Debug|x86.ActiveCfg = Debug|x86
		{FD8FFFED-F0C6-4E0E-BD96-528B30AEA993}.Debug|x86.Build.0 = Debug|x86
		{FD8FFFED-F0C6-4E0E-BD96-528B30AEA993}.DebugPluggin|Any CPU.ActiveCfg = DebugPluggin|Any CPU
		{FD8FFFED-F0C6-4E0E-BD96-528B30AEA993}.DebugPluggin|Any CPU.Build.0 = DebugPluggin|Any CPU
		{FD8FFFED-F0C6-4E0E-BD96-528B30AEA993}.DebugPluggin|Mixed Platforms.ActiveCfg = DebugPluggin|Any CPU
		{FD8FFFED-F0C6-4E0E-BD96-528B30AEA993}.DebugPluggin|Mixed Platforms.Build.0 = DebugPluggin|Any CPU
		{FD8FFFED-F0C6-4E0E-BD96-528B30AEA993}.DebugPluggin|x86.ActiveCfg = DebugPluggin|x86
		{FD8FFFED-F0C6-4E0E-BD96-528B30AEA993}.DebugPluggin|x86.Build.0 = DebugPluggin|x86
		{FD8FFFED-F0C6-4E0E-BD96-528B30AEA993}.Release|Any CPU.ActiveCfg = Release|x86
		{FD8FFFED-F0C6-4E0E-BD96-528B30AEA993}.Release|Mixed Platforms.ActiveCfg = Release|x86
		{FD8FFFED-F0C6-4E0E-BD96-528B30AEA993}.Release|Mixed Platforms.Build.0 = Release|x86
		{FD8FFFED-F0C6-4E0E-BD96-528B30AEA993}.Release|x86.ActiveCfg = Release|x86
		{FD8FFFED-F0C6-4E0E-BD96-528B30AEA993}.Release|x86.Build.0 = Release|x86
		{4A5476DB-79FA-4E9A-8AC6-823740CA10C4}.Debug|Any CPU.ActiveCfg = Debug|Any CPU
		{4A5476DB-79FA-4E9A-8AC6-823740CA10C4}.Debug|Mixed Platforms.ActiveCfg = Debug|Any CPU
		{4A5476DB-79FA-4E9A-8AC6-823740CA10C4}.Debug|Mixed Platforms.Build.0 = Debug|Any CPU
		{4A5476DB-79FA-4E9A-8AC6-823740CA10C4}.Debug|x86.ActiveCfg = Debug|Any CPU
		{4A5476DB-79FA-4E9A-8AC6-823740CA10C4}.DebugPluggin|Any CPU.ActiveCfg = DebugPluggin|Any CPU
		{4A5476DB-79FA-4E9A-8AC6-823740CA10C4}.DebugPluggin|Any CPU.Build.0 = DebugPluggin|Any CPU
		{4A5476DB-79FA-4E9A-8AC6-823740CA10C4}.DebugPluggin|Mixed Platforms.ActiveCfg = DebugPluggin|Any CPU
		{4A5476DB-79FA-4E9A-8AC6-823740CA10C4}.DebugPluggin|Mixed Platforms.Build.0 = DebugPluggin|Any CPU
		{4A5476DB-79FA-4E9A-8AC6-823740CA10C4}.DebugPluggin|x86.ActiveCfg = DebugPluggin|Any CPU
		{4A5476DB-79FA-4E9A-8AC6-823740CA10C4}.Release|Any CPU.ActiveCfg = Release|Any CPU
		{4A5476DB-79FA-4E9A-8AC6-823740CA10C4}.Release|Any CPU.Build.0 = Release|Any CPU
		{4A5476DB-79FA-4E9A-8AC6-823740CA10C4}.Release|Mixed Platforms.ActiveCfg = Release|Any CPU
		{4A5476DB-79FA-4E9A-8AC6-823740CA10C4}.Release|Mixed Platforms.Build.0 = Release|Any CPU
		{4A5476DB-79FA-4E9A-8AC6-823740CA10C4}.Release|x86.ActiveCfg = Release|Any CPU
		{BA24BEFC-788A-4173-939B-EF3BADC99C81}.Debug|Any CPU.ActiveCfg = Debug|Any CPU
		{BA24BEFC-788A-4173-939B-EF3BADC99C81}.Debug|Mixed Platforms.ActiveCfg = Debug|Any CPU
		{BA24BEFC-788A-4173-939B-EF3BADC99C81}.Debug|Mixed Platforms.Build.0 = Debug|Any CPU
		{BA24BEFC-788A-4173-939B-EF3BADC99C81}.Debug|x86.ActiveCfg = Debug|Any CPU
		{BA24BEFC-788A-4173-939B-EF3BADC99C81}.DebugPluggin|Any CPU.ActiveCfg = DebugPluggin|Any CPU
		{BA24BEFC-788A-4173-939B-EF3BADC99C81}.DebugPluggin|Any CPU.Build.0 = DebugPluggin|Any CPU
		{BA24BEFC-788A-4173-939B-EF3BADC99C81}.DebugPluggin|Mixed Platforms.ActiveCfg = DebugPluggin|Any CPU
		{BA24BEFC-788A-4173-939B-EF3BADC99C81}.DebugPluggin|Mixed Platforms.Build.0 = DebugPluggin|Any CPU
		{BA24BEFC-788A-4173-939B-EF3BADC99C81}.DebugPluggin|x86.ActiveCfg = DebugPluggin|Any CPU
		{BA24BEFC-788A-4173-939B-EF3BADC99C81}.Release|Any CPU.ActiveCfg = Release|Any CPU
		{BA24BEFC-788A-4173-939B-EF3BADC99C81}.Release|Any CPU.Build.0 = Release|Any CPU
		{BA24BEFC-788A-4173-939B-EF3BADC99C81}.Release|Mixed Platforms.ActiveCfg = Release|Any CPU
		{BA24BEFC-788A-4173-939B-EF3BADC99C81}.Release|Mixed Platforms.Build.0 = Release|Any CPU
		{BA24BEFC-788A-4173-939B-EF3BADC99C81}.Release|x86.ActiveCfg = Release|Any CPU
		{3DF8E5D6-DCC4-4C6F-8BAB-DBB35F402CC2}.Debug|Any CPU.ActiveCfg = Debug|Any CPU
		{3DF8E5D6-DCC4-4C6F-8BAB-DBB35F402CC2}.Debug|Mixed Platforms.ActiveCfg = Debug|Any CPU
		{3DF8E5D6-DCC4-4C6F-8BAB-DBB35F402CC2}.Debug|Mixed Platforms.Build.0 = Debug|Any CPU
		{3DF8E5D6-DCC4-4C6F-8BAB-DBB35F402CC2}.Debug|x86.ActiveCfg = Debug|Any CPU
		{3DF8E5D6-DCC4-4C6F-8BAB-DBB35F402CC2}.DebugPluggin|Any CPU.ActiveCfg = DebugPluggin|Any CPU
		{3DF8E5D6-DCC4-4C6F-8BAB-DBB35F402CC2}.DebugPluggin|Mixed Platforms.ActiveCfg = DebugPluggin|Any CPU
		{3DF8E5D6-DCC4-4C6F-8BAB-DBB35F402CC2}.DebugPluggin|Mixed Platforms.Build.0 = DebugPluggin|Any CPU
		{3DF8E5D6-DCC4-4C6F-8BAB-DBB35F402CC2}.DebugPluggin|x86.ActiveCfg = DebugPluggin|Any CPU
		{3DF8E5D6-DCC4-4C6F-8BAB-DBB35F402CC2}.Release|Any CPU.ActiveCfg = Release|Any CPU
		{3DF8E5D6-DCC4-4C6F-8BAB-DBB35F402CC2}.Release|Any CPU.Build.0 = Release|Any CPU
		{3DF8E5D6-DCC4-4C6F-8BAB-DBB35F402CC2}.Release|Mixed Platforms.ActiveCfg = Release|Any CPU
		{3DF8E5D6-DCC4-4C6F-8BAB-DBB35F402CC2}.Release|Mixed Platforms.Build.0 = Release|Any CPU
		{3DF8E5D6-DCC4-4C6F-8BAB-DBB35F402CC2}.Release|x86.ActiveCfg = Release|Any CPU
		{B0121671-7D3E-48D2-B5D8-2BF79AB4BDDA}.Debug|Any CPU.ActiveCfg = Debug|x86
		{B0121671-7D3E-48D2-B5D8-2BF79AB4BDDA}.Debug|Mixed Platforms.ActiveCfg = Debug|Any CPU
		{B0121671-7D3E-48D2-B5D8-2BF79AB4BDDA}.Debug|Mixed Platforms.Build.0 = Debug|Any CPU
		{B0121671-7D3E-48D2-B5D8-2BF79AB4BDDA}.Debug|x86.ActiveCfg = Debug|Any CPU
		{B0121671-7D3E-48D2-B5D8-2BF79AB4BDDA}.DebugPluggin|Any CPU.ActiveCfg = DebugPluggin|x86
		{B0121671-7D3E-48D2-B5D8-2BF79AB4BDDA}.DebugPluggin|Any CPU.Build.0 = DebugPluggin|x86
		{B0121671-7D3E-48D2-B5D8-2BF79AB4BDDA}.DebugPluggin|Mixed Platforms.ActiveCfg = DebugPluggin|x86
		{B0121671-7D3E-48D2-B5D8-2BF79AB4BDDA}.DebugPluggin|Mixed Platforms.Build.0 = DebugPluggin|x86
		{B0121671-7D3E-48D2-B5D8-2BF79AB4BDDA}.DebugPluggin|x86.ActiveCfg = DebugPluggin|x86
		{B0121671-7D3E-48D2-B5D8-2BF79AB4BDDA}.DebugPluggin|x86.Build.0 = DebugPluggin|x86
		{B0121671-7D3E-48D2-B5D8-2BF79AB4BDDA}.Release|Any CPU.ActiveCfg = Release|Any CPU
		{B0121671-7D3E-48D2-B5D8-2BF79AB4BDDA}.Release|Any CPU.Build.0 = Release|Any CPU
		{B0121671-7D3E-48D2-B5D8-2BF79AB4BDDA}.Release|Mixed Platforms.ActiveCfg = Release|Any CPU
		{B0121671-7D3E-48D2-B5D8-2BF79AB4BDDA}.Release|Mixed Platforms.Build.0 = Release|Any CPU
		{B0121671-7D3E-48D2-B5D8-2BF79AB4BDDA}.Release|x86.ActiveCfg = Release|Any CPU
		{7C7655F8-DEEA-48BE-8BE1-BFBA4E1C3EA7}.Debug|Any CPU.ActiveCfg = Debug|Any CPU
		{7C7655F8-DEEA-48BE-8BE1-BFBA4E1C3EA7}.Debug|Mixed Platforms.ActiveCfg = Debug|Any CPU
		{7C7655F8-DEEA-48BE-8BE1-BFBA4E1C3EA7}.Debug|Mixed Platforms.Build.0 = Debug|Any CPU
		{7C7655F8-DEEA-48BE-8BE1-BFBA4E1C3EA7}.Debug|x86.ActiveCfg = Debug|Any CPU
		{7C7655F8-DEEA-48BE-8BE1-BFBA4E1C3EA7}.DebugPluggin|Any CPU.ActiveCfg = DebugPluggin|Any CPU
		{7C7655F8-DEEA-48BE-8BE1-BFBA4E1C3EA7}.DebugPluggin|Any CPU.Build.0 = DebugPluggin|Any CPU
		{7C7655F8-DEEA-48BE-8BE1-BFBA4E1C3EA7}.DebugPluggin|Mixed Platforms.ActiveCfg = DebugPluggin|Any CPU
		{7C7655F8-DEEA-48BE-8BE1-BFBA4E1C3EA7}.DebugPluggin|Mixed Platforms.Build.0 = DebugPluggin|Any CPU
		{7C7655F8-DEEA-48BE-8BE1-BFBA4E1C3EA7}.DebugPluggin|x86.ActiveCfg = DebugPluggin|Any CPU
		{7C7655F8-DEEA-48BE-8BE1-BFBA4E1C3EA7}.Release|Any CPU.ActiveCfg = Release|Any CPU
		{7C7655F8-DEEA-48BE-8BE1-BFBA4E1C3EA7}.Release|Any CPU.Build.0 = Release|Any CPU
		{7C7655F8-DEEA-48BE-8BE1-BFBA4E1C3EA7}.Release|Mixed Platforms.ActiveCfg = Release|Any CPU
		{7C7655F8-DEEA-48BE-8BE1-BFBA4E1C3EA7}.Release|Mixed Platforms.Build.0 = Release|Any CPU
		{7C7655F8-DEEA-48BE-8BE1-BFBA4E1C3EA7}.Release|x86.ActiveCfg = Release|Any CPU
		{280312FE-DF83-4C4D-B21E-052F0DB4CFB3}.Debug|Any CPU.ActiveCfg = Debug|Any CPU
		{280312FE-DF83-4C4D-B21E-052F0DB4CFB3}.Debug|Any CPU.Build.0 = Debug|Any CPU
		{280312FE-DF83-4C4D-B21E-052F0DB4CFB3}.Debug|Mixed Platforms.ActiveCfg = Debug|Any CPU
		{280312FE-DF83-4C4D-B21E-052F0DB4CFB3}.Debug|Mixed Platforms.Build.0 = Debug|Any CPU
		{280312FE-DF83-4C4D-B21E-052F0DB4CFB3}.Debug|x86.ActiveCfg = Debug|Any CPU
		{280312FE-DF83-4C4D-B21E-052F0DB4CFB3}.DebugPluggin|Any CPU.ActiveCfg = DebugPluggin|Any CPU
		{280312FE-DF83-4C4D-B21E-052F0DB4CFB3}.DebugPluggin|Any CPU.Build.0 = DebugPluggin|Any CPU
		{280312FE-DF83-4C4D-B21E-052F0DB4CFB3}.DebugPluggin|Mixed Platforms.ActiveCfg = Debug|Any CPU
		{280312FE-DF83-4C4D-B21E-052F0DB4CFB3}.DebugPluggin|Mixed Platforms.Build.0 = Debug|Any CPU
		{280312FE-DF83-4C4D-B21E-052F0DB4CFB3}.DebugPluggin|x86.ActiveCfg = Debug|Any CPU
		{280312FE-DF83-4C4D-B21E-052F0DB4CFB3}.Release|Any CPU.ActiveCfg = Release|Any CPU
		{280312FE-DF83-4C4D-B21E-052F0DB4CFB3}.Release|Any CPU.Build.0 = Release|Any CPU
		{280312FE-DF83-4C4D-B21E-052F0DB4CFB3}.Release|Mixed Platforms.ActiveCfg = Release|Any CPU
		{280312FE-DF83-4C4D-B21E-052F0DB4CFB3}.Release|Mixed Platforms.Build.0 = Release|Any CPU
		{280312FE-DF83-4C4D-B21E-052F0DB4CFB3}.Release|x86.ActiveCfg = Release|Any CPU
		{F28EC103-A42F-40AA-9F23-134A1DDDD0C7}.Debug|Any CPU.ActiveCfg = Debug|Any CPU
		{F28EC103-A42F-40AA-9F23-134A1DDDD0C7}.Debug|Any CPU.Build.0 = Debug|Any CPU
		{F28EC103-A42F-40AA-9F23-134A1DDDD0C7}.Debug|Mixed Platforms.ActiveCfg = Debug|Any CPU
		{F28EC103-A42F-40AA-9F23-134A1DDDD0C7}.Debug|Mixed Platforms.Build.0 = Debug|Any CPU
		{F28EC103-A42F-40AA-9F23-134A1DDDD0C7}.Debug|x86.ActiveCfg = Debug|Any CPU
		{F28EC103-A42F-40AA-9F23-134A1DDDD0C7}.DebugPluggin|Any CPU.ActiveCfg = DebugPluggin|Any CPU
		{F28EC103-A42F-40AA-9F23-134A1DDDD0C7}.DebugPluggin|Any CPU.Build.0 = DebugPluggin|Any CPU
		{F28EC103-A42F-40AA-9F23-134A1DDDD0C7}.DebugPluggin|Mixed Platforms.ActiveCfg = Debug|Any CPU
		{F28EC103-A42F-40AA-9F23-134A1DDDD0C7}.DebugPluggin|Mixed Platforms.Build.0 = Debug|Any CPU
		{F28EC103-A42F-40AA-9F23-134A1DDDD0C7}.DebugPluggin|x86.ActiveCfg = Debug|Any CPU
		{F28EC103-A42F-40AA-9F23-134A1DDDD0C7}.Release|Any CPU.ActiveCfg = Release|Any CPU
		{F28EC103-A42F-40AA-9F23-134A1DDDD0C7}.Release|Any CPU.Build.0 = Release|Any CPU
		{F28EC103-A42F-40AA-9F23-134A1DDDD0C7}.Release|Mixed Platforms.ActiveCfg = Release|Any CPU
		{F28EC103-A42F-40AA-9F23-134A1DDDD0C7}.Release|Mixed Platforms.Build.0 = Release|Any CPU
		{F28EC103-A42F-40AA-9F23-134A1DDDD0C7}.Release|x86.ActiveCfg = Release|Any CPU
		{BA95EEBB-5916-4DB4-B645-9EB1516D9281}.Debug|Any CPU.ActiveCfg = Debug|Any CPU
		{BA95EEBB-5916-4DB4-B645-9EB1516D9281}.Debug|Any CPU.Build.0 = Debug|Any CPU
		{BA95EEBB-5916-4DB4-B645-9EB1516D9281}.Debug|Mixed Platforms.ActiveCfg = Debug|Any CPU
		{BA95EEBB-5916-4DB4-B645-9EB1516D9281}.Debug|Mixed Platforms.Build.0 = Debug|Any CPU
		{BA95EEBB-5916-4DB4-B645-9EB1516D9281}.Debug|x86.ActiveCfg = Debug|Any CPU
		{BA95EEBB-5916-4DB4-B645-9EB1516D9281}.DebugPluggin|Any CPU.ActiveCfg = DebugPluggin|Any CPU
		{BA95EEBB-5916-4DB4-B645-9EB1516D9281}.DebugPluggin|Any CPU.Build.0 = DebugPluggin|Any CPU
		{BA95EEBB-5916-4DB4-B645-9EB1516D9281}.DebugPluggin|Mixed Platforms.ActiveCfg = Debug|Any CPU
		{BA95EEBB-5916-4DB4-B645-9EB1516D9281}.DebugPluggin|Mixed Platforms.Build.0 = Debug|Any CPU
		{BA95EEBB-5916-4DB4-B645-9EB1516D9281}.DebugPluggin|x86.ActiveCfg = Debug|Any CPU
		{BA95EEBB-5916-4DB4-B645-9EB1516D9281}.Release|Any CPU.ActiveCfg = Release|Any CPU
		{BA95EEBB-5916-4DB4-B645-9EB1516D9281}.Release|Any CPU.Build.0 = Release|Any CPU
		{BA95EEBB-5916-4DB4-B645-9EB1516D9281}.Release|Mixed Platforms.ActiveCfg = Release|Any CPU
		{BA95EEBB-5916-4DB4-B645-9EB1516D9281}.Release|Mixed Platforms.Build.0 = Release|Any CPU
		{BA95EEBB-5916-4DB4-B645-9EB1516D9281}.Release|x86.ActiveCfg = Release|Any CPU
	EndGlobalSection
	GlobalSection(SolutionProperties) = preSolution
		HideSolutionNode = FALSE
	EndGlobalSection
	GlobalSection(NestedProjects) = preSolution
		{1973EA36-9CC9-4C5B-A834-F828125DFEF9} = {7B8CC2E6-9E26-4AF5-A794-6B192C72A6D9}
		{C5D1EB94-59C7-4D0A-AD22-7494CF7236A6} = {7B8CC2E6-9E26-4AF5-A794-6B192C72A6D9}
		{59109B3C-6ED6-4026-B388-D441FA224F7D} = {7B8CC2E6-9E26-4AF5-A794-6B192C72A6D9}
		{F760734E-61DE-45BC-8F3B-8674DB7C20CE} = {7B8CC2E6-9E26-4AF5-A794-6B192C72A6D9}
		{8744B844-95A5-4923-BBFB-E634238DC4FC} = {7B8CC2E6-9E26-4AF5-A794-6B192C72A6D9}
		{FADAC4FC-A764-4569-AE68-70AA1B7A9DAF} = {7B8CC2E6-9E26-4AF5-A794-6B192C72A6D9}
		{8B273F5E-6BB0-4787-8EA8-2AD94FF645B1} = {7B8CC2E6-9E26-4AF5-A794-6B192C72A6D9}
		{677D6B06-E926-4FD7-A9B8-A6B4769FC658} = {3BBD363E-B271-478F-AC65-899D3DC612D6}
		{D83AF045-83B1-4F6E-BCC1-4338F33C3D29} = {3BBD363E-B271-478F-AC65-899D3DC612D6}
		{3BF8B64C-1AF7-4B53-B9A8-F850BEC861F4} = {3BBD363E-B271-478F-AC65-899D3DC612D6}
		{A82981AC-950C-4728-AA68-0EC0265B7565} = {3BBD363E-B271-478F-AC65-899D3DC612D6}
		{338D084D-6327-4A92-97E5-0468755FACB6} = {3BBD363E-B271-478F-AC65-899D3DC612D6}
		{F02CB48C-758E-4D56-9234-1AD1E27B0FFE} = {3BBD363E-B271-478F-AC65-899D3DC612D6}
		{DC9E80AC-6A6D-4621-A50E-69FA566B5DFE} = {3BBD363E-B271-478F-AC65-899D3DC612D6}
		{6C8AA5DB-659A-4DE8-A3F1-7168D29F646E} = {3BBD363E-B271-478F-AC65-899D3DC612D6}
		{A8FAE09B-44E1-48F4-A2BA-A0ED8F402837} = {3BBD363E-B271-478F-AC65-899D3DC612D6}
		{5FD187C5-81EE-47DE-8193-2D526930ACB5} = {DC9E80AC-6A6D-4621-A50E-69FA566B5DFE}
		{FD8FFFED-F0C6-4E0E-BD96-528B30AEA993} = {DC9E80AC-6A6D-4621-A50E-69FA566B5DFE}
		{4A5476DB-79FA-4E9A-8AC6-823740CA10C4} = {9DBD6B2B-B10E-4E05-A255-7C731A020AC6}
		{BA24BEFC-788A-4173-939B-EF3BADC99C81} = {9DBD6B2B-B10E-4E05-A255-7C731A020AC6}
		{F956CD32-631E-4249-9B7D-28E100C6A644} = {9DBD6B2B-B10E-4E05-A255-7C731A020AC6}
		{B0121671-7D3E-48D2-B5D8-2BF79AB4BDDA} = {9DBD6B2B-B10E-4E05-A255-7C731A020AC6}
		{7C7655F8-DEEA-48BE-8BE1-BFBA4E1C3EA7} = {9DBD6B2B-B10E-4E05-A255-7C731A020AC6}
		{AAD1CBFF-1740-4E91-B461-4A817B911B37} = {9DBD6B2B-B10E-4E05-A255-7C731A020AC6}
		{280312FE-DF83-4C4D-B21E-052F0DB4CFB3} = {9DBD6B2B-B10E-4E05-A255-7C731A020AC6}
		{F28EC103-A42F-40AA-9F23-134A1DDDD0C7} = {9DBD6B2B-B10E-4E05-A255-7C731A020AC6}
		{BA95EEBB-5916-4DB4-B645-9EB1516D9281} = {9DBD6B2B-B10E-4E05-A255-7C731A020AC6}
		{3DF8E5D6-DCC4-4C6F-8BAB-DBB35F402CC2} = {F956CD32-631E-4249-9B7D-28E100C6A644}
	EndGlobalSection
EndGlobal
